# THIS IS AN AUTOGENERATED FILE. DO NOT EDIT THIS FILE DIRECTLY.
# yarn lockfile v1


"@turf/bbox-polygon@^6.5.0":
  version "6.5.0"
  resolved "https://registry.yarnpkg.com/@turf/bbox-polygon/-/bbox-polygon-6.5.0.tgz#f18128b012eedfa860a521d8f2b3779cc0801032"
  integrity sha512-+/r0NyL1lOG3zKZmmf6L8ommU07HliP4dgYToMoTxqzsWzyLjaj/OzgQ8rBmv703WJX+aS6yCmLuIhYqyufyuw==
  dependencies:
    "@turf/helpers" "^6.5.0"

"@turf/bbox@^6.5.0":
  version "6.5.0"
  resolved "https://registry.yarnpkg.com/@turf/bbox/-/bbox-6.5.0.tgz#bec30a744019eae420dac9ea46fb75caa44d8dc5"
  integrity sha512-RBbLaao5hXTYyyg577iuMtDB8ehxMlUqHEJiMs8jT1GHkFhr6sYre3lmLsPeYEi/ZKj5TP5tt7fkzNdJ4GIVyw==
  dependencies:
    "@turf/helpers" "^6.5.0"
    "@turf/meta" "^6.5.0"

"@turf/bearing@^6.5.0":
  version "6.5.0"
  resolved "https://registry.yarnpkg.com/@turf/bearing/-/bearing-6.5.0.tgz#462a053c6c644434bdb636b39f8f43fb0cd857b0"
  integrity sha512-dxINYhIEMzgDOztyMZc20I7ssYVNEpSv04VbMo5YPQsqa80KO3TFvbuCahMsCAW5z8Tncc8dwBlEFrmRjJG33A==
  dependencies:
    "@turf/helpers" "^6.5.0"
    "@turf/invariant" "^6.5.0"

"@turf/boolean-point-in-polygon@^6.5.0":
  version "6.5.0"
  resolved "https://registry.yarnpkg.com/@turf/boolean-point-in-polygon/-/boolean-point-in-polygon-6.5.0.tgz#6d2e9c89de4cd2e4365004c1e51490b7795a63cf"
  integrity sha512-DtSuVFB26SI+hj0SjrvXowGTUCHlgevPAIsukssW6BG5MlNSBQAo70wpICBNJL6RjukXg8d2eXaAWuD/CqL00A==
  dependencies:
    "@turf/helpers" "^6.5.0"
    "@turf/invariant" "^6.5.0"

"@turf/boolean-point-on-line@^6.5.0":
  version "6.5.0"
  resolved "https://registry.yarnpkg.com/@turf/boolean-point-on-line/-/boolean-point-on-line-6.5.0.tgz#a8efa7bad88760676f395afb9980746bc5b376e9"
  integrity sha512-A1BbuQ0LceLHvq7F/P7w3QvfpmZqbmViIUPHdNLvZimFNLo4e6IQunmzbe+8aSStH9QRZm3VOflyvNeXvvpZEQ==
  dependencies:
    "@turf/helpers" "^6.5.0"
    "@turf/invariant" "^6.5.0"

"@turf/boolean-within@^6.5.0":
  version "6.5.0"
  resolved "https://registry.yarnpkg.com/@turf/boolean-within/-/boolean-within-6.5.0.tgz#31a749d3be51065da8c470a1e5613f4d2efdee06"
  integrity sha512-YQB3oU18Inx35C/LU930D36RAVe7LDXk1kWsQ8mLmuqYn9YdPsDQTMTkLJMhoQ8EbN7QTdy333xRQ4MYgToteQ==
  dependencies:
    "@turf/bbox" "^6.5.0"
    "@turf/boolean-point-in-polygon" "^6.5.0"
    "@turf/boolean-point-on-line" "^6.5.0"
    "@turf/helpers" "^6.5.0"
    "@turf/invariant" "^6.5.0"

"@turf/circle@^6.5.0":
  version "6.5.0"
  resolved "https://registry.yarnpkg.com/@turf/circle/-/circle-6.5.0.tgz#dc017d8c0131d1d212b7c06f76510c22bbeb093c"
  integrity sha512-oU1+Kq9DgRnoSbWFHKnnUdTmtcRUMmHoV9DjTXu9vOLNV5OWtAAh1VZ+mzsioGGzoDNT/V5igbFOkMfBQc0B6A==
  dependencies:
    "@turf/destination" "^6.5.0"
    "@turf/helpers" "^6.5.0"

"@turf/destination@^6.5.0":
  version "6.5.0"
  resolved "https://registry.yarnpkg.com/@turf/destination/-/destination-6.5.0.tgz#30a84702f9677d076130e0440d3223ae503fdae1"
  integrity sha512-4cnWQlNC8d1tItOz9B4pmJdWpXqS0vEvv65bI/Pj/genJnsL7evI0/Xw42RvEGROS481MPiU80xzvwxEvhQiMQ==
  dependencies:
    "@turf/helpers" "^6.5.0"
    "@turf/invariant" "^6.5.0"

"@turf/distance@^6.5.0":
  version "6.5.0"
  resolved "https://registry.yarnpkg.com/@turf/distance/-/distance-6.5.0.tgz#21f04d5f86e864d54e2abde16f35c15b4f36149a"
  integrity sha512-xzykSLfoURec5qvQJcfifw/1mJa+5UwByZZ5TZ8iaqjGYN0vomhV9aiSLeYdUGtYRESZ+DYC/OzY+4RclZYgMg==
  dependencies:
    "@turf/helpers" "^6.5.0"
    "@turf/invariant" "^6.5.0"

"@turf/helpers@^6.5.0":
  version "6.5.0"
  resolved "https://registry.yarnpkg.com/@turf/helpers/-/helpers-6.5.0.tgz#f79af094bd6b8ce7ed2bd3e089a8493ee6cae82e"
  integrity sha512-VbI1dV5bLFzohYYdgqwikdMVpe7pJ9X3E+dlr425wa2/sMJqYDhTO++ec38/pcPvPE6oD9WEEeU3Xu3gza+VPw==

"@turf/invariant@^6.5.0":
  version "6.5.0"
  resolved "https://registry.yarnpkg.com/@turf/invariant/-/invariant-6.5.0.tgz#970afc988023e39c7ccab2341bd06979ddc7463f"
  integrity sha512-Wv8PRNCtPD31UVbdJE/KVAWKe7l6US+lJItRR/HOEW3eh+U/JwRCSUl/KZ7bmjM/C+zLNoreM2TU6OoLACs4eg==
  dependencies:
    "@turf/helpers" "^6.5.0"

"@turf/meta@^6.5.0":
  version "6.5.0"
  resolved "https://registry.yarnpkg.com/@turf/meta/-/meta-6.5.0.tgz#b725c3653c9f432133eaa04d3421f7e51e0418ca"
  integrity sha512-RrArvtsV0vdsCBegoBtOalgdSOfkBrTJ07VkpiCnq/491W67hnMWmDu7e6Ztw0C3WldRYTXkg3SumfdzZxLBHA==
  dependencies:
    "@turf/helpers" "^6.5.0"

"@turf/midpoint@^6.5.0":
  version "6.5.0"
  resolved "https://registry.yarnpkg.com/@turf/midpoint/-/midpoint-6.5.0.tgz#5f9428959309feccaf3f55873a8de70d4121bdce"
  integrity sha512-MyTzV44IwmVI6ec9fB2OgZ53JGNlgOpaYl9ArKoF49rXpL84F9rNATndbe0+MQIhdkw8IlzA6xVP4lZzfMNVCw==
  dependencies:
    "@turf/bearing" "^6.5.0"
    "@turf/destination" "^6.5.0"
    "@turf/distance" "^6.5.0"
    "@turf/helpers" "^6.5.0"

"@turf/point-grid@^6.5.0":
  version "6.5.0"
  resolved "https://registry.yarnpkg.com/@turf/point-grid/-/point-grid-6.5.0.tgz#f628d30afe29d60dcbf54b195e46eab48a4fbfaa"
  integrity sha512-Iq38lFokNNtQJnOj/RBKmyt6dlof0yhaHEDELaWHuECm1lIZLY3ZbVMwbs+nXkwTAHjKfS/OtMheUBkw+ee49w==
  dependencies:
    "@turf/boolean-within" "^6.5.0"
    "@turf/distance" "^6.5.0"
    "@turf/helpers" "^6.5.0"
    "@turf/invariant" "^6.5.0"

typescript@^4.5.5:
  version "4.5.5"
  resolved "https://registry.yarnpkg.com/typescript/-/typescript-4.5.5.tgz#d8c953832d28924a9e3d37c73d729c846c5896f3"
  integrity sha512-TCTIul70LyWe6IJWT8QSYeA54WQe8EjQFU4wY52Fasj5UKx88LNYKCgBEHcOMOrFF1rKGbD8v/xcNWVUq9SymA==
